{
  "name": "numberly",
  "version": "1.0.10",
  "lockfileVersion": 2,
  "requires": true,
  "packages": {
    "": {
      "name": "numberly",
      "version": "1.0.10",
      "license": "MIT",
      "dependencies": {
        "modulo-n": "^1.0.0"
      },
      "devDependencies": {}
    },
    "node_modules/modulo-n": {
      "version": "1.0.10",
      "resolved": "https://registry.npmjs.org/modulo-n/-/modulo-n-1.0.10.tgz",
      "integrity": "sha512-RHUif47sa4++oKNQaoPrs3ubwCgS5mYK8N3Fk+faBI5uKJjg3NwmZ8YFMtzHpjbqSlo3AH63egxBeSpOA8D9mg=="
    }
  },
  "dependencies": {
    "modulo-n": {
      "version": "1.0.10",
      "resolved": "https://registry.npmjs.org/modulo-n/-/modulo-n-1.0.10.tgz",
      "integrity": "sha512-RHUif47sa4++oKNQaoPrs3ubwCgS5mYK8N3Fk+faBI5uKJjg3NwmZ8YFMtzHpjbqSlo3AH63egxBeSpOA8D9mg=="
    }
  }
}
